
Microsoft Visual Studio Solution File, Format Version 12.00
# Visual Studio Version 16
VisualStudioVersion = 16.0.30413.136
MinimumVisualStudioVersion = 10.0.40219.1
Project("{FAE04EC0-301F-11D3-BF4B-00C04F79EFBC}") = "YazilimBakimiProje", "YazilimBakimiProje\YazilimBakimiProje.csproj", "{301EED2A-14A9-491E-9BE9-4B611E3A91B8}"
EndProject
Global
	GlobalSection(SolutionConfigurationPlatforms) = preSolution
		Debug|Any CPU = Debug|Any CPU
		Release|Any CPU = Release|Any CPU
	EndGlobalSection
	GlobalSection(ProjectConfigurationPlatforms) = postSolution
		{301EED2A-14A9-491E-9BE9-4B611E3A91B8}.Debug|Any CPU.ActiveCfg = Debug|Any CPU
		{301EED2A-14A9-491E-9BE9-4B611E3A91B8}.Debug|Any CPU.Build.0 = Debug|Any CPU
		{301EED2A-14A9-491E-9BE9-4B611E3A91B8}.Release|Any CPU.ActiveCfg = Release|Any CPU
		{301EED2A-14A9-491E-9BE9-4B611E3A91B8}.Release|Any CPU.Build.0 = Release|Any CPU
	EndGlobalSection
	GlobalSection(SolutionProperties) = preSolution
		HideSolutionNode = FALSE
	EndGlobalSection
	GlobalSection(ExtensibilityGlobals) = postSolution
		SolutionGuid = {E2EC24E1-4944-4CF3-B70C-E4FDEE5C2726}
	EndGlobalSection
EndGlobal
